
Microsoft Visual Studio Solution File, Format Version 12.00
# Visual Studio Version 17
VisualStudioVersion = 17.1.31903.286
MinimumVisualStudioVersion = 10.0.40219.1
Project("{FAE04EC0-301F-11D3-BF4B-00C04F79EFBC}") = "LABA_5_PICTURE", "LABA_5_PICTURE\LABA_5_PICTURE.csproj", "{AC9F4AA4-D95F-4197-9A64-F518A92B599A}"
EndProject
Global
	GlobalSection(SolutionConfigurationPlatforms) = preSolution
		Debug|Any CPU = Debug|Any CPU
		Release|Any CPU = Release|Any CPU
	EndGlobalSection
	GlobalSection(ProjectConfigurationPlatforms) = postSolution
		{AC9F4AA4-D95F-4197-9A64-F518A92B599A}.Debug|Any CPU.ActiveCfg = Debug|Any CPU
		{AC9F4AA4-D95F-4197-9A64-F518A92B599A}.Debug|Any CPU.Build.0 = Debug|Any CPU
		{AC9F4AA4-D95F-4197-9A64-F518A92B599A}.Release|Any CPU.ActiveCfg = Release|Any CPU
		{AC9F4AA4-D95F-4197-9A64-F518A92B599A}.Release|Any CPU.Build.0 = Release|Any CPU
	EndGlobalSection
	GlobalSection(SolutionProperties) = preSolution
		HideSolutionNode = FALSE
	EndGlobalSection
	GlobalSection(ExtensibilityGlobals) = postSolution
		SolutionGuid = {312CD644-6962-477E-8A76-1562928E3305}
	EndGlobalSection
EndGlobal
