
Microsoft Visual Studio Solution File, Format Version 12.00
# Visual Studio Version 17
VisualStudioVersion = 17.2.32616.157
MinimumVisualStudioVersion = 10.0.40219.1
Project("{FAE04EC0-301F-11D3-BF4B-00C04F79EFBC}") = "TestApp@", "TestApp@\TestApp@.csproj", "{662E20AC-C15F-4B4A-948B-7CE834CD7E15}"
EndProject
Global
	GlobalSection(SolutionConfigurationPlatforms) = preSolution
		Debug|Any CPU = Debug|Any CPU
		Release|Any CPU = Release|Any CPU
	EndGlobalSection
	GlobalSection(ProjectConfigurationPlatforms) = postSolution
		{662E20AC-C15F-4B4A-948B-7CE834CD7E15}.Debug|Any CPU.ActiveCfg = Debug|Any CPU
		{662E20AC-C15F-4B4A-948B-7CE834CD7E15}.Debug|Any CPU.Build.0 = Debug|Any CPU
		{662E20AC-C15F-4B4A-948B-7CE834CD7E15}.Release|Any CPU.ActiveCfg = Release|Any CPU
		{662E20AC-C15F-4B4A-948B-7CE834CD7E15}.Release|Any CPU.Build.0 = Release|Any CPU
	EndGlobalSection
	GlobalSection(SolutionProperties) = preSolution
		HideSolutionNode = FALSE
	EndGlobalSection
	GlobalSection(ExtensibilityGlobals) = postSolution
		SolutionGuid = {06BB87F6-843B-41D5-BE3A-7C1A1872D768}
	EndGlobalSection
EndGlobal
