
Microsoft Visual Studio Solution File, Format Version 12.00
# Visual Studio Version 17
VisualStudioVersion = 17.2.32210.308
MinimumVisualStudioVersion = 10.0.40219.1
Project("{FAE04EC0-301F-11D3-BF4B-00C04F79EFBC}") = "TEST_PROJECT", "TEST_PROJECT\TEST_PROJECT.csproj", "{23B31593-B328-49CF-9CE0-1223E94CEC92}"
EndProject
Global
	GlobalSection(SolutionConfigurationPlatforms) = preSolution
		Debug|Any CPU = Debug|Any CPU
		Release|Any CPU = Release|Any CPU
	EndGlobalSection
	GlobalSection(ProjectConfigurationPlatforms) = postSolution
		{23B31593-B328-49CF-9CE0-1223E94CEC92}.Debug|Any CPU.ActiveCfg = Debug|Any CPU
		{23B31593-B328-49CF-9CE0-1223E94CEC92}.Debug|Any CPU.Build.0 = Debug|Any CPU
		{23B31593-B328-49CF-9CE0-1223E94CEC92}.Release|Any CPU.ActiveCfg = Release|Any CPU
		{23B31593-B328-49CF-9CE0-1223E94CEC92}.Release|Any CPU.Build.0 = Release|Any CPU
	EndGlobalSection
	GlobalSection(SolutionProperties) = preSolution
		HideSolutionNode = FALSE
	EndGlobalSection
	GlobalSection(ExtensibilityGlobals) = postSolution
		SolutionGuid = {AC711DEA-CF3E-4E80-8DC4-570FD456867E}
	EndGlobalSection
EndGlobal
