
Microsoft Visual Studio Solution File, Format Version 12.00
# Visual Studio Version 16
VisualStudioVersion = 16.0.31624.102
MinimumVisualStudioVersion = 10.0.40219.1
Project("{FAE04EC0-301F-11D3-BF4B-00C04F79EFBC}") = "PointsLine", "PointsLine\PointsLine.csproj", "{F1B799FB-6AC9-4361-BA8B-58BCFA0255CB}"
EndProject
Global
	GlobalSection(SolutionConfigurationPlatforms) = preSolution
		Debug|Any CPU = Debug|Any CPU
		Release|Any CPU = Release|Any CPU
	EndGlobalSection
	GlobalSection(ProjectConfigurationPlatforms) = postSolution
		{F1B799FB-6AC9-4361-BA8B-58BCFA0255CB}.Debug|Any CPU.ActiveCfg = Debug|Any CPU
		{F1B799FB-6AC9-4361-BA8B-58BCFA0255CB}.Debug|Any CPU.Build.0 = Debug|Any CPU
		{F1B799FB-6AC9-4361-BA8B-58BCFA0255CB}.Release|Any CPU.ActiveCfg = Release|Any CPU
		{F1B799FB-6AC9-4361-BA8B-58BCFA0255CB}.Release|Any CPU.Build.0 = Release|Any CPU
	EndGlobalSection
	GlobalSection(SolutionProperties) = preSolution
		HideSolutionNode = FALSE
	EndGlobalSection
	GlobalSection(ExtensibilityGlobals) = postSolution
		SolutionGuid = {5B418A83-4758-45DE-9F12-8E8743F2A90C}
	EndGlobalSection
EndGlobal
