
Microsoft Visual Studio Solution File, Format Version 12.00
# Visual Studio Version 17
VisualStudioVersion = 17.1.32210.238
MinimumVisualStudioVersion = 10.0.40219.1
Project("{FAE04EC0-301F-11D3-BF4B-00C04F79EFBC}") = "Среднеарифметическое число", "SimpleCode\Среднеарифметическое число.csproj", "{1F1B4719-8445-4E14-8E6F-76D8F5B55B5E}"
EndProject
Project("{FAE04EC0-301F-11D3-BF4B-00C04F79EFBC}") = "Значение и сумма + вывод", "Значение и сумма + вывод\Значение и сумма + вывод.csproj", "{C830AD9C-7948-4450-9B83-96E34CB003BF}"
EndProject
Project("{FAE04EC0-301F-11D3-BF4B-00C04F79EFBC}") = "Конвертация валют", "Конвертация валют\Конвертация валют.csproj", "{9FC7FAA7-34C1-4A58-8832-B19F12236B28}"
EndProject
Global
	GlobalSection(SolutionConfigurationPlatforms) = preSolution
		Debug|Any CPU = Debug|Any CPU
		Release|Any CPU = Release|Any CPU
	EndGlobalSection
	GlobalSection(ProjectConfigurationPlatforms) = postSolution
		{1F1B4719-8445-4E14-8E6F-76D8F5B55B5E}.Debug|Any CPU.ActiveCfg = Debug|Any CPU
		{1F1B4719-8445-4E14-8E6F-76D8F5B55B5E}.Debug|Any CPU.Build.0 = Debug|Any CPU
		{1F1B4719-8445-4E14-8E6F-76D8F5B55B5E}.Release|Any CPU.ActiveCfg = Release|Any CPU
		{1F1B4719-8445-4E14-8E6F-76D8F5B55B5E}.Release|Any CPU.Build.0 = Release|Any CPU
		{C830AD9C-7948-4450-9B83-96E34CB003BF}.Debug|Any CPU.ActiveCfg = Debug|Any CPU
		{C830AD9C-7948-4450-9B83-96E34CB003BF}.Debug|Any CPU.Build.0 = Debug|Any CPU
		{C830AD9C-7948-4450-9B83-96E34CB003BF}.Release|Any CPU.ActiveCfg = Release|Any CPU
		{C830AD9C-7948-4450-9B83-96E34CB003BF}.Release|Any CPU.Build.0 = Release|Any CPU
		{9FC7FAA7-34C1-4A58-8832-B19F12236B28}.Debug|Any CPU.ActiveCfg = Debug|Any CPU
		{9FC7FAA7-34C1-4A58-8832-B19F12236B28}.Debug|Any CPU.Build.0 = Debug|Any CPU
		{9FC7FAA7-34C1-4A58-8832-B19F12236B28}.Release|Any CPU.ActiveCfg = Release|Any CPU
		{9FC7FAA7-34C1-4A58-8832-B19F12236B28}.Release|Any CPU.Build.0 = Release|Any CPU
	EndGlobalSection
	GlobalSection(SolutionProperties) = preSolution
		HideSolutionNode = FALSE
	EndGlobalSection
	GlobalSection(ExtensibilityGlobals) = postSolution
		SolutionGuid = {5804C456-DB0C-4431-8376-BC49EBD4A345}
	EndGlobalSection
EndGlobal
