
Microsoft Visual Studio Solution File, Format Version 12.00
# Visual Studio Version 17
VisualStudioVersion = 17.1.32210.238
MinimumVisualStudioVersion = 10.0.40219.1
Project("{FAE04EC0-301F-11D3-BF4B-00C04F79EFBC}") = "Do_While", "Do_While\Do_While.csproj", "{8F2021BA-0445-4409-BDAA-7BF74A0081A2}"
EndProject
Global
	GlobalSection(SolutionConfigurationPlatforms) = preSolution
		Debug|Any CPU = Debug|Any CPU
		Release|Any CPU = Release|Any CPU
	EndGlobalSection
	GlobalSection(ProjectConfigurationPlatforms) = postSolution
		{8F2021BA-0445-4409-BDAA-7BF74A0081A2}.Debug|Any CPU.ActiveCfg = Debug|Any CPU
		{8F2021BA-0445-4409-BDAA-7BF74A0081A2}.Debug|Any CPU.Build.0 = Debug|Any CPU
		{8F2021BA-0445-4409-BDAA-7BF74A0081A2}.Release|Any CPU.ActiveCfg = Release|Any CPU
		{8F2021BA-0445-4409-BDAA-7BF74A0081A2}.Release|Any CPU.Build.0 = Release|Any CPU
	EndGlobalSection
	GlobalSection(SolutionProperties) = preSolution
		HideSolutionNode = FALSE
	EndGlobalSection
	GlobalSection(ExtensibilityGlobals) = postSolution
		SolutionGuid = {5F5E07FD-69AC-4485-9838-58940AE309F6}
	EndGlobalSection
EndGlobal
