
Microsoft Visual Studio Solution File, Format Version 12.00
# Visual Studio Version 17
VisualStudioVersion = 17.1.31903.286
MinimumVisualStudioVersion = 10.0.40219.1
Project("{FAE04EC0-301F-11D3-BF4B-00C04F79EFBC}") = "LABA_6", "LABA_6\LABA_6.csproj", "{FE089284-7448-4CDC-99DC-F6D7C105E59E}"
EndProject
Project("{FAE04EC0-301F-11D3-BF4B-00C04F79EFBC}") = "LABA_6_2", "LABA_6_2\LABA_6_2.csproj", "{6310CD54-333A-4E80-8D5F-B7B2AA02539E}"
EndProject
Project("{FAE04EC0-301F-11D3-BF4B-00C04F79EFBC}") = "TEST", "TEST\TEST.csproj", "{84838E1C-4B98-4F24-A97F-777B6DCB3743}"
EndProject
Global
	GlobalSection(SolutionConfigurationPlatforms) = preSolution
		Debug|Any CPU = Debug|Any CPU
		Release|Any CPU = Release|Any CPU
	EndGlobalSection
	GlobalSection(ProjectConfigurationPlatforms) = postSolution
		{FE089284-7448-4CDC-99DC-F6D7C105E59E}.Debug|Any CPU.ActiveCfg = Debug|Any CPU
		{FE089284-7448-4CDC-99DC-F6D7C105E59E}.Debug|Any CPU.Build.0 = Debug|Any CPU
		{FE089284-7448-4CDC-99DC-F6D7C105E59E}.Release|Any CPU.ActiveCfg = Release|Any CPU
		{FE089284-7448-4CDC-99DC-F6D7C105E59E}.Release|Any CPU.Build.0 = Release|Any CPU
		{6310CD54-333A-4E80-8D5F-B7B2AA02539E}.Debug|Any CPU.ActiveCfg = Debug|Any CPU
		{6310CD54-333A-4E80-8D5F-B7B2AA02539E}.Debug|Any CPU.Build.0 = Debug|Any CPU
		{6310CD54-333A-4E80-8D5F-B7B2AA02539E}.Release|Any CPU.ActiveCfg = Release|Any CPU
		{6310CD54-333A-4E80-8D5F-B7B2AA02539E}.Release|Any CPU.Build.0 = Release|Any CPU
		{84838E1C-4B98-4F24-A97F-777B6DCB3743}.Debug|Any CPU.ActiveCfg = Debug|Any CPU
		{84838E1C-4B98-4F24-A97F-777B6DCB3743}.Debug|Any CPU.Build.0 = Debug|Any CPU
		{84838E1C-4B98-4F24-A97F-777B6DCB3743}.Release|Any CPU.ActiveCfg = Release|Any CPU
		{84838E1C-4B98-4F24-A97F-777B6DCB3743}.Release|Any CPU.Build.0 = Release|Any CPU
	EndGlobalSection
	GlobalSection(SolutionProperties) = preSolution
		HideSolutionNode = FALSE
	EndGlobalSection
	GlobalSection(ExtensibilityGlobals) = postSolution
		SolutionGuid = {56F3FDD6-B87F-4A03-B91A-5B2292B4C408}
	EndGlobalSection
EndGlobal
