
Microsoft Visual Studio Solution File, Format Version 12.00
# Visual Studio Version 17
VisualStudioVersion = 17.2.32616.157
MinimumVisualStudioVersion = 10.0.40219.1
Project("{FAE04EC0-301F-11D3-BF4B-00C04F79EFBC}") = "WpfApp1", "WpfApp1\WpfApp1.csproj", "{23BA8973-5CA3-4585-9B14-0228E068AB87}"
EndProject
Global
	GlobalSection(SolutionConfigurationPlatforms) = preSolution
		Debug|Any CPU = Debug|Any CPU
		Release|Any CPU = Release|Any CPU
	EndGlobalSection
	GlobalSection(ProjectConfigurationPlatforms) = postSolution
		{23BA8973-5CA3-4585-9B14-0228E068AB87}.Debug|Any CPU.ActiveCfg = Debug|Any CPU
		{23BA8973-5CA3-4585-9B14-0228E068AB87}.Debug|Any CPU.Build.0 = Debug|Any CPU
		{23BA8973-5CA3-4585-9B14-0228E068AB87}.Release|Any CPU.ActiveCfg = Release|Any CPU
		{23BA8973-5CA3-4585-9B14-0228E068AB87}.Release|Any CPU.Build.0 = Release|Any CPU
	EndGlobalSection
	GlobalSection(SolutionProperties) = preSolution
		HideSolutionNode = FALSE
	EndGlobalSection
	GlobalSection(ExtensibilityGlobals) = postSolution
		SolutionGuid = {F792E2DE-1699-4568-8AF7-55F0AE2FB6C5}
	EndGlobalSection
EndGlobal
